
Microsoft Visual Studio Solution File, Format Version 12.00
# Visual Studio Version 16
VisualStudioVersion = 16.0.31205.134
MinimumVisualStudioVersion = 10.0.40219.1
Project("{FAE04EC0-301F-11D3-BF4B-00C04F79EFBC}") = "Aqumulate.UWP", "Aqumulate\Aqumulate.UWP\Aqumulate.UWP.csproj", "{5A7E6F73-5B59-432A-A3E4-470AC583F128}"
EndProject
Project("{FAE04EC0-301F-11D3-BF4B-00C04F79EFBC}") = "Aqumulate.Android", "Aqumulate\Aqumulate.Android\Aqumulate.Android.csproj", "{8D2CB1D5-D099-47F1-9D01-2E77F1FD4DC8}"
EndProject
Project("{FAE04EC0-301F-11D3-BF4B-00C04F79EFBC}") = "Aqumulate.iOS", "Aqumulate\Aqumulate.iOS\Aqumulate.iOS.csproj", "{5A994D19-B79F-48B9-8F8B-33460CF1CC57}"
EndProject
Project("{FAE04EC0-301F-11D3-BF4B-00C04F79EFBC}") = "Aqumulate", "Aqumulate\Aqumulate\Aqumulate.csproj", "{9B5D83A7-0229-472E-828A-CBB6570A6FF1}"
EndProject
Global
	GlobalSection(SolutionConfigurationPlatforms) = preSolution
		Debug|Any CPU = Debug|Any CPU
		Debug|ARM = Debug|ARM
		Debug|iPhone = Debug|iPhone
		Debug|iPhoneSimulator = Debug|iPhoneSimulator
		Debug|x64 = Debug|x64
		Debug|x86 = Debug|x86
		Release|Any CPU = Release|Any CPU
		Release|ARM = Release|ARM
		Release|iPhone = Release|iPhone
		Release|iPhoneSimulator = Release|iPhoneSimulator
		Release|x64 = Release|x64
		Release|x86 = Release|x86
	EndGlobalSection
	GlobalSection(ProjectConfigurationPlatforms) = postSolution
		{5A7E6F73-5B59-432A-A3E4-470AC583F128}.Debug|Any CPU.ActiveCfg = Debug|x86
		{5A7E6F73-5B59-432A-A3E4-470AC583F128}.Debug|Any CPU.Build.0 = Debug|x86
		{5A7E6F73-5B59-432A-A3E4-470AC583F128}.Debug|Any CPU.Deploy.0 = Debug|x86
		{5A7E6F73-5B59-432A-A3E4-470AC583F128}.Debug|ARM.ActiveCfg = Debug|ARM
		{5A7E6F73-5B59-432A-A3E4-470AC583F128}.Debug|ARM.Build.0 = Debug|ARM
		{5A7E6F73-5B59-432A-A3E4-470AC583F128}.Debug|ARM.Deploy.0 = Debug|ARM
		{5A7E6F73-5B59-432A-A3E4-470AC583F128}.Debug|iPhone.ActiveCfg = Debug|x86
		{5A7E6F73-5B59-432A-A3E4-470AC583F128}.Debug|iPhone.Build.0 = Debug|x86
		{5A7E6F73-5B59-432A-A3E4-470AC583F128}.Debug|iPhone.Deploy.0 = Debug|x86
		{5A7E6F73-5B59-432A-A3E4-470AC583F128}.Debug|iPhoneSimulator.ActiveCfg = Debug|x86
		{5A7E6F73-5B59-432A-A3E4-470AC583F128}.Debug|iPhoneSimulator.Build.0 = Debug|x86
		{5A7E6F73-5B59-432A-A3E4-470AC583F128}.Debug|iPhoneSimulator.Deploy.0 = Debug|x86
		{5A7E6F73-5B59-432A-A3E4-470AC583F128}.Debug|x64.ActiveCfg = Debug|x64
		{5A7E6F73-5B59-432A-A3E4-470AC583F128}.Debug|x64.Build.0 = Debug|x64
		{5A7E6F73-5B59-432A-A3E4-470AC583F128}.Debug|x64.Deploy.0 = Debug|x64
		{5A7E6F73-5B59-432A-A3E4-470AC583F128}.Debug|x86.ActiveCfg = Debug|x86
		{5A7E6F73-5B59-432A-A3E4-470AC583F128}.Debug|x86.Build.0 = Debug|x86
		{5A7E6F73-5B59-432A-A3E4-470AC583F128}.Debug|x86.Deploy.0 = Debug|x86
		{5A7E6F73-5B59-432A-A3E4-470AC583F128}.Release|Any CPU.ActiveCfg = Release|x86
		{5A7E6F73-5B59-432A-A3E4-470AC583F128}.Release|Any CPU.Build.0 = Release|x86
		{5A7E6F73-5B59-432A-A3E4-470AC583F128}.Release|Any CPU.Deploy.0 = Release|x86
		{5A7E6F73-5B59-432A-A3E4-470AC583F128}.Release|ARM.ActiveCfg = Release|ARM
		{5A7E6F73-5B59-432A-A3E4-470AC583F128}.Release|ARM.Build.0 = Release|ARM
		{5A7E6F73-5B59-432A-A3E4-470AC583F128}.Release|ARM.Deploy.0 = Release|ARM
		{5A7E6F73-5B59-432A-A3E4-470AC583F128}.Release|iPhone.ActiveCfg = Release|x86
		{5A7E6F73-5B59-432A-A3E4-470AC583F128}.Release|iPhone.Build.0 = Release|x86
		{5A7E6F73-5B59-432A-A3E4-470AC583F128}.Release|iPhone.Deploy.0 = Release|x86
		{5A7E6F73-5B59-432A-A3E4-470AC583F128}.Release|iPhoneSimulator.ActiveCfg = Release|x86
		{5A7E6F73-5B59-432A-A3E4-470AC583F128}.Release|iPhoneSimulator.Build.0 = Release|x86
		{5A7E6F73-5B59-432A-A3E4-470AC583F128}.Release|iPhoneSimulator.Deploy.0 = Release|x86
		{5A7E6F73-5B59-432A-A3E4-470AC583F128}.Release|x64.ActiveCfg = Release|x64
		{5A7E6F73-5B59-432A-A3E4-470AC583F128}.Release|x64.Build.0 = Release|x64
		{5A7E6F73-5B59-432A-A3E4-470AC583F128}.Release|x64.Deploy.0 = Release|x64
		{5A7E6F73-5B59-432A-A3E4-470AC583F128}.Release|x86.ActiveCfg = Release|x86
		{5A7E6F73-5B59-432A-A3E4-470AC583F128}.Release|x86.Build.0 = Release|x86
		{5A7E6F73-5B59-432A-A3E4-470AC583F128}.Release|x86.Deploy.0 = Release|x86
		{8D2CB1D5-D099-47F1-9D01-2E77F1FD4DC8}.Debug|Any CPU.ActiveCfg = Debug|Any CPU
		{8D2CB1D5-D099-47F1-9D01-2E77F1FD4DC8}.Debug|Any CPU.Build.0 = Debug|Any CPU
		{8D2CB1D5-D099-47F1-9D01-2E77F1FD4DC8}.Debug|Any CPU.Deploy.0 = Debug|Any CPU
		{8D2CB1D5-D099-47F1-9D01-2E77F1FD4DC8}.Debug|ARM.ActiveCfg = Debug|Any CPU
		{8D2CB1D5-D099-47F1-9D01-2E77F1FD4DC8}.Debug|ARM.Build.0 = Debug|Any CPU
		{8D2CB1D5-D099-47F1-9D01-2E77F1FD4DC8}.Debug|ARM.Deploy.0 = Debug|Any CPU
		{8D2CB1D5-D099-47F1-9D01-2E77F1FD4DC8}.Debug|iPhone.ActiveCfg = Debug|Any CPU
		{8D2CB1D5-D099-47F1-9D01-2E77F1FD4DC8}.Debug|iPhone.Build.0 = Debug|Any CPU
		{8D2CB1D5-D099-47F1-9D01-2E77F1FD4DC8}.Debug|iPhone.Deploy.0 = Debug|Any CPU
		{8D2CB1D5-D099-47F1-9D01-2E77F1FD4DC8}.Debug|iPhoneSimulator.ActiveCfg = Debug|Any CPU
		{8D2CB1D5-D099-47F1-9D01-2E77F1FD4DC8}.Debug|iPhoneSimulator.Build.0 = Debug|Any CPU
		{8D2CB1D5-D099-47F1-9D01-2E77F1FD4DC8}.Debug|iPhoneSimulator.Deploy.0 = Debug|Any CPU
		{8D2CB1D5-D099-47F1-9D01-2E77F1FD4DC8}.Debug|x64.ActiveCfg = Debug|Any CPU
		{8D2CB1D5-D099-47F1-9D01-2E77F1FD4DC8}.Debug|x64.Build.0 = Debug|Any CPU
		{8D2CB1D5-D099-47F1-9D01-2E77F1FD4DC8}.Debug|x64.Deploy.0 = Debug|Any CPU
		{8D2CB1D5-D099-47F1-9D01-2E77F1FD4DC8}.Debug|x86.ActiveCfg = Debug|Any CPU
		{8D2CB1D5-D099-47F1-9D01-2E77F1FD4DC8}.Debug|x86.Build.0 = Debug|Any CPU
		{8D2CB1D5-D099-47F1-9D01-2E77F1FD4DC8}.Debug|x86.Deploy.0 = Debug|Any CPU
		{8D2CB1D5-D099-47F1-9D01-2E77F1FD4DC8}.Release|Any CPU.ActiveCfg = Release|Any CPU
		{8D2CB1D5-D099-47F1-9D01-2E77F1FD4DC8}.Release|Any CPU.Build.0 = Release|Any CPU
		{8D2CB1D5-D099-47F1-9D01-2E77F1FD4DC8}.Release|Any CPU.Deploy.0 = Release|Any CPU
		{8D2CB1D5-D099-47F1-9D01-2E77F1FD4DC8}.Release|ARM.ActiveCfg = Release|Any CPU
		{8D2CB1D5-D099-47F1-9D01-2E77F1FD4DC8}.Release|ARM.Build.0 = Release|Any CPU
		{8D2CB1D5-D099-47F1-9D01-2E77F1FD4DC8}.Release|ARM.Deploy.0 = Release|Any CPU
		{8D2CB1D5-D099-47F1-9D01-2E77F1FD4DC8}.Release|iPhone.ActiveCfg = Release|Any CPU
		{8D2CB1D5-D099-47F1-9D01-2E77F1FD4DC8}.Release|iPhone.Build.0 = Release|Any CPU
		{8D2CB1D5-D099-47F1-9D01-2E77F1FD4DC8}.Release|iPhone.Deploy.0 = Release|Any CPU
		{8D2CB1D5-D099-47F1-9D01-2E77F1FD4DC8}.Release|iPhoneSimulator.ActiveCfg = Release|Any CPU
		{8D2CB1D5-D099-47F1-9D01-2E77F1FD4DC8}.Release|iPhoneSimulator.Build.0 = Release|Any CPU
		{8D2CB1D5-D099-47F1-9D01-2E77F1FD4DC8}.Release|iPhoneSimulator.Deploy.0 = Release|Any CPU
		{8D2CB1D5-D099-47F1-9D01-2E77F1FD4DC8}.Release|x64.ActiveCfg = Release|Any CPU
		{8D2CB1D5-D099-47F1-9D01-2E77F1FD4DC8}.Release|x64.Build.0 = Release|Any CPU
		{8D2CB1D5-D099-47F1-9D01-2E77F1FD4DC8}.Release|x64.Deploy.0 = Release|Any CPU
		{8D2CB1D5-D099-47F1-9D01-2E77F1FD4DC8}.Release|x86.ActiveCfg = Release|Any CPU
		{8D2CB1D5-D099-47F1-9D01-2E77F1FD4DC8}.Release|x86.Build.0 = Release|Any CPU
		{8D2CB1D5-D099-47F1-9D01-2E77F1FD4DC8}.Release|x86.Deploy.0 = Release|Any CPU
		{5A994D19-B79F-48B9-8F8B-33460CF1CC57}.Debug|Any CPU.ActiveCfg = Debug|iPhoneSimulator
		{5A994D19-B79F-48B9-8F8B-33460CF1CC57}.Debug|Any CPU.Build.0 = Debug|iPhoneSimulator
		{5A994D19-B79F-48B9-8F8B-33460CF1CC57}.Debug|Any CPU.Deploy.0 = Debug|iPhoneSimulator
		{5A994D19-B79F-48B9-8F8B-33460CF1CC57}.Debug|ARM.ActiveCfg = Debug|iPhone
		{5A994D19-B79F-48B9-8F8B-33460CF1CC57}.Debug|ARM.Build.0 = Debug|iPhone
		{5A994D19-B79F-48B9-8F8B-33460CF1CC57}.Debug|ARM.Deploy.0 = Debug|iPhone
		{5A994D19-B79F-48B9-8F8B-33460CF1CC57}.Debug|iPhone.ActiveCfg = Debug|iPhone
		{5A994D19-B79F-48B9-8F8B-33460CF1CC57}.Debug|iPhone.Build.0 = Debug|iPhone
		{5A994D19-B79F-48B9-8F8B-33460CF1CC57}.Debug|iPhone.Deploy.0 = Debug|iPhone
		{5A994D19-B79F-48B9-8F8B-33460CF1CC57}.Debug|iPhoneSimulator.ActiveCfg = Debug|iPhoneSimulator
		{5A994D19-B79F-48B9-8F8B-33460CF1CC57}.Debug|iPhoneSimulator.Build.0 = Debug|iPhoneSimulator
		{5A994D19-B79F-48B9-8F8B-33460CF1CC57}.Debug|iPhoneSimulator.Deploy.0 = Debug|iPhoneSimulator
		{5A994D19-B79F-48B9-8F8B-33460CF1CC57}.Debug|x64.ActiveCfg = Debug|iPhoneSimulator
		{5A994D19-B79F-48B9-8F8B-33460CF1CC57}.Debug|x64.Build.0 = Debug|iPhoneSimulator
		{5A994D19-B79F-48B9-8F8B-33460CF1CC57}.Debug|x64.Deploy.0 = Debug|iPhoneSimulator
		{5A994D19-B79F-48B9-8F8B-33460CF1CC57}.Debug|x86.ActiveCfg = Debug|iPhoneSimulator
		{5A994D19-B79F-48B9-8F8B-33460CF1CC57}.Debug|x86.Build.0 = Debug|iPhoneSimulator
		{5A994D19-B79F-48B9-8F8B-33460CF1CC57}.Debug|x86.Deploy.0 = Debug|iPhoneSimulator
		{5A994D19-B79F-48B9-8F8B-33460CF1CC57}.Release|Any CPU.ActiveCfg = Release|iPhoneSimulator
		{5A994D19-B79F-48B9-8F8B-33460CF1CC57}.Release|Any CPU.Build.0 = Release|iPhoneSimulator
		{5A994D19-B79F-48B9-8F8B-33460CF1CC57}.Release|Any CPU.Deploy.0 = Release|iPhoneSimulator
		{5A994D19-B79F-48B9-8F8B-33460CF1CC57}.Release|ARM.ActiveCfg = Release|iPhoneSimulator
		{5A994D19-B79F-48B9-8F8B-33460CF1CC57}.Release|ARM.Build.0 = Release|iPhoneSimulator
		{5A994D19-B79F-48B9-8F8B-33460CF1CC57}.Release|ARM.Deploy.0 = Release|iPhoneSimulator
		{5A994D19-B79F-48B9-8F8B-33460CF1CC57}.Release|iPhone.ActiveCfg = Release|iPhone
		{5A994D19-B79F-48B9-8F8B-33460CF1CC57}.Release|iPhone.Build.0 = Release|iPhone
		{5A994D19-B79F-48B9-8F8B-33460CF1CC57}.Release|iPhone.Deploy.0 = Release|iPhone
		{5A994D19-B79F-48B9-8F8B-33460CF1CC57}.Release|iPhoneSimulator.ActiveCfg = Release|iPhoneSimulator
		{5A994D19-B79F-48B9-8F8B-33460CF1CC57}.Release|iPhoneSimulator.Build.0 = Release|iPhoneSimulator
		{5A994D19-B79F-48B9-8F8B-33460CF1CC57}.Release|iPhoneSimulator.Deploy.0 = Release|iPhoneSimulator
		{5A994D19-B79F-48B9-8F8B-33460CF1CC57}.Release|x64.ActiveCfg = Release|iPhoneSimulator
		{5A994D19-B79F-48B9-8F8B-33460CF1CC57}.Release|x64.Build.0 = Release|iPhoneSimulator
		{5A994D19-B79F-48B9-8F8B-33460CF1CC57}.Release|x64.Deploy.0 = Release|iPhoneSimulator
		{5A994D19-B79F-48B9-8F8B-33460CF1CC57}.Release|x86.ActiveCfg = Release|iPhoneSimulator
		{5A994D19-B79F-48B9-8F8B-33460CF1CC57}.Release|x86.Build.0 = Release|iPhoneSimulator
		{5A994D19-B79F-48B9-8F8B-33460CF1CC57}.Release|x86.Deploy.0 = Release|iPhoneSimulator
		{9B5D83A7-0229-472E-828A-CBB6570A6FF1}.Debug|Any CPU.ActiveCfg = Debug|Any CPU
		{9B5D83A7-0229-472E-828A-CBB6570A6FF1}.Debug|Any CPU.Build.0 = Debug|Any CPU
		{9B5D83A7-0229-472E-828A-CBB6570A6FF1}.Debug|Any CPU.Deploy.0 = Debug|Any CPU
		{9B5D83A7-0229-472E-828A-CBB6570A6FF1}.Debug|ARM.ActiveCfg = Debug|Any CPU
		{9B5D83A7-0229-472E-828A-CBB6570A6FF1}.Debug|ARM.Build.0 = Debug|Any CPU
		{9B5D83A7-0229-472E-828A-CBB6570A6FF1}.Debug|ARM.Deploy.0 = Debug|Any CPU
		{9B5D83A7-0229-472E-828A-CBB6570A6FF1}.Debug|iPhone.ActiveCfg = Debug|Any CPU
		{9B5D83A7-0229-472E-828A-CBB6570A6FF1}.Debug|iPhone.Build.0 = Debug|Any CPU
		{9B5D83A7-0229-472E-828A-CBB6570A6FF1}.Debug|iPhone.Deploy.0 = Debug|Any CPU
		{9B5D83A7-0229-472E-828A-CBB6570A6FF1}.Debug|iPhoneSimulator.ActiveCfg = Debug|Any CPU
		{9B5D83A7-0229-472E-828A-CBB6570A6FF1}.Debug|iPhoneSimulator.Build.0 = Debug|Any CPU
		{9B5D83A7-0229-472E-828A-CBB6570A6FF1}.Debug|iPhoneSimulator.Deploy.0 = Debug|Any CPU
		{9B5D83A7-0229-472E-828A-CBB6570A6FF1}.Debug|x64.ActiveCfg = Debug|Any CPU
		{9B5D83A7-0229-472E-828A-CBB6570A6FF1}.Debug|x64.Build.0 = Debug|Any CPU
		{9B5D83A7-0229-472E-828A-CBB6570A6FF1}.Debug|x64.Deploy.0 = Debug|Any CPU
		{9B5D83A7-0229-472E-828A-CBB6570A6FF1}.Debug|x86.ActiveCfg = Debug|Any CPU
		{9B5D83A7-0229-472E-828A-CBB6570A6FF1}.Debug|x86.Build.0 = Debug|Any CPU
		{9B5D83A7-0229-472E-828A-CBB6570A6FF1}.Debug|x86.Deploy.0 = Debug|Any CPU
		{9B5D83A7-0229-472E-828A-CBB6570A6FF1}.Release|Any CPU.ActiveCfg = Release|Any CPU
		{9B5D83A7-0229-472E-828A-CBB6570A6FF1}.Release|Any CPU.Build.0 = Release|Any CPU
		{9B5D83A7-0229-472E-828A-CBB6570A6FF1}.Release|Any CPU.Deploy.0 = Release|Any CPU
		{9B5D83A7-0229-472E-828A-CBB6570A6FF1}.Release|ARM.ActiveCfg = Release|Any CPU
		{9B5D83A7-0229-472E-828A-CBB6570A6FF1}.Release|ARM.Build.0 = Release|Any CPU
		{9B5D83A7-0229-472E-828A-CBB6570A6FF1}.Release|ARM.Deploy.0 = Release|Any CPU
		{9B5D83A7-0229-472E-828A-CBB6570A6FF1}.Release|iPhone.ActiveCfg = Release|Any CPU
		{9B5D83A7-0229-472E-828A-CBB6570A6FF1}.Release|iPhone.Build.0 = Release|Any CPU
		{9B5D83A7-0229-472E-828A-CBB6570A6FF1}.Release|iPhone.Deploy.0 = Release|Any CPU
		{9B5D83A7-0229-472E-828A-CBB6570A6FF1}.Release|iPhoneSimulator.ActiveCfg = Release|Any CPU
		{9B5D83A7-0229-472E-828A-CBB6570A6FF1}.Release|iPhoneSimulator.Build.0 = Release|Any CPU
		{9B5D83A7-0229-472E-828A-CBB6570A6FF1}.Release|iPhoneSimulator.Deploy.0 = Release|Any CPU
		{9B5D83A7-0229-472E-828A-CBB6570A6FF1}.Release|x64.ActiveCfg = Release|Any CPU
		{9B5D83A7-0229-472E-828A-CBB6570A6FF1}.Release|x64.Build.0 = Release|Any CPU
		{9B5D83A7-0229-472E-828A-CBB6570A6FF1}.Release|x64.Deploy.0 = Release|Any CPU
		{9B5D83A7-0229-472E-828A-CBB6570A6FF1}.Release|x86.ActiveCfg = Release|Any CPU
		{9B5D83A7-0229-472E-828A-CBB6570A6FF1}.Release|x86.Build.0 = Release|Any CPU
		{9B5D83A7-0229-472E-828A-CBB6570A6FF1}.Release|x86.Deploy.0 = Release|Any CPU
	EndGlobalSection
	GlobalSection(SolutionProperties) = preSolution
		HideSolutionNode = FALSE
	EndGlobalSection
	GlobalSection(ExtensibilityGlobals) = postSolution
		SolutionGuid = {F1427A9D-F093-4790-BBF7-909B258518BF}
	EndGlobalSection
EndGlobal
